{
  "name": "hono-netlify",
  "version": "1.0.0",
  "lockfileVersion": 3,
  "requires": true,
  "packages": {
    "": {
      "name": "hono-netlify",
      "version": "1.0.0",
      "license": "ISC",
      "dependencies": {
        "hono": "^4.5.9"
      }
    },
    "node_modules/hono": {
      "version": "4.5.9",
      "resolved": "https://registry.npmjs.org/hono/-/hono-4.5.9.tgz",
      "integrity": "sha512-zz8ktqMDRrZETjxBrv8C5PQRFbrTRCLNVAjD1SNQyOzv4VjmX68Uxw83xQ6oxdAB60HiWnGEatiKA8V3SZLDkQ==",
      "license": "MIT",
      "engines": {
        "node": ">=16.0.0"
      }
    }
  }
}
